
Microsoft Visual Studio Solution File, Format Version 12.00
# Visual Studio 15
VisualStudioVersion = 15.0.28307.438
MinimumVisualStudioVersion = 10.0.40219.1
Project("{9A19103F-16F7-4668-BE54-9A1E7A4F7556}") = "CommandLine", "CommandLine\CommandLine.csproj", "{2FDC625E-6912-4393-9794-10B4838DDF5A}"
EndProject
Project("{9A19103F-16F7-4668-BE54-9A1E7A4F7556}") = "Core", "Core\Core.csproj", "{1A64E337-B6E3-4036-93A0-9892E33CC4D1}"
EndProject
Project("{9A19103F-16F7-4668-BE54-9A1E7A4F7556}") = "TestSuite", "TestSuite\TestSuite.csproj", "{48D22238-BE09-4A7C-98AD-161C3C358F47}"
EndProject
Global
	GlobalSection(SolutionConfigurationPlatforms) = preSolution
		Debug|Any CPU = Debug|Any CPU
		Release|Any CPU = Release|Any CPU
	EndGlobalSection
	GlobalSection(ProjectConfigurationPlatforms) = postSolution
		{2FDC625E-6912-4393-9794-10B4838DDF5A}.Debug|Any CPU.ActiveCfg = Debug|Any CPU
		{2FDC625E-6912-4393-9794-10B4838DDF5A}.Debug|Any CPU.Build.0 = Debug|Any CPU
		{2FDC625E-6912-4393-9794-10B4838DDF5A}.Release|Any CPU.ActiveCfg = Release|Any CPU
		{2FDC625E-6912-4393-9794-10B4838DDF5A}.Release|Any CPU.Build.0 = Release|Any CPU
		{1A64E337-B6E3-4036-93A0-9892E33CC4D1}.Debug|Any CPU.ActiveCfg = Debug|Any CPU
		{1A64E337-B6E3-4036-93A0-9892E33CC4D1}.Debug|Any CPU.Build.0 = Debug|Any CPU
		{1A64E337-B6E3-4036-93A0-9892E33CC4D1}.Release|Any CPU.ActiveCfg = Release|Any CPU
		{1A64E337-B6E3-4036-93A0-9892E33CC4D1}.Release|Any CPU.Build.0 = Release|Any CPU
		{48D22238-BE09-4A7C-98AD-161C3C358F47}.Debug|Any CPU.ActiveCfg = Debug|Any CPU
		{48D22238-BE09-4A7C-98AD-161C3C358F47}.Debug|Any CPU.Build.0 = Debug|Any CPU
		{48D22238-BE09-4A7C-98AD-161C3C358F47}.Release|Any CPU.ActiveCfg = Release|Any CPU
		{48D22238-BE09-4A7C-98AD-161C3C358F47}.Release|Any CPU.Build.0 = Release|Any CPU
	EndGlobalSection
	GlobalSection(SolutionProperties) = preSolution
		HideSolutionNode = FALSE
	EndGlobalSection
	GlobalSection(ExtensibilityGlobals) = postSolution
		SolutionGuid = {787D409D-3326-4D95-BE89-6413CB93D29B}
	EndGlobalSection
EndGlobal
